
Microsoft Visual Studio Solution File, Format Version 12.00
# Visual Studio Version 17
VisualStudioVersion = 17.5.33516.290
MinimumVisualStudioVersion = 10.0.40219.1
Project("{8BC9CEB8-8B4A-11D0-8D11-00A0C91BC942}") = "IntroductionToOOP", "IntroductionToOOP\IntroductionToOOP.vcxproj", "{7620F3E4-EA44-4091-B29F-E9C45EDDB93E}"
EndProject
Project("{8BC9CEB8-8B4A-11D0-8D11-00A0C91BC942}") = "Fraction", "Fraction\Fraction.vcxproj", "{3345B507-BE36-411D-84A6-4CC8C83F57C7}"
EndProject
Project("{8BC9CEB8-8B4A-11D0-8D11-00A0C91BC942}") = "String", "String\String.vcxproj", "{E1873C47-10CF-478F-8B01-78A59DDF5AD7}"
EndProject
Global
	GlobalSection(SolutionConfigurationPlatforms) = preSolution
		Debug|x64 = Debug|x64
		Debug|x86 = Debug|x86
		Release|x64 = Release|x64
		Release|x86 = Release|x86
	EndGlobalSection
	GlobalSection(ProjectConfigurationPlatforms) = postSolution
		{7620F3E4-EA44-4091-B29F-E9C45EDDB93E}.Debug|x64.ActiveCfg = Debug|x64
		{7620F3E4-EA44-4091-B29F-E9C45EDDB93E}.Debug|x64.Build.0 = Debug|x64
		{7620F3E4-EA44-4091-B29F-E9C45EDDB93E}.Debug|x86.ActiveCfg = Debug|Win32
		{7620F3E4-EA44-4091-B29F-E9C45EDDB93E}.Debug|x86.Build.0 = Debug|Win32
		{7620F3E4-EA44-4091-B29F-E9C45EDDB93E}.Release|x64.ActiveCfg = Release|x64
		{7620F3E4-EA44-4091-B29F-E9C45EDDB93E}.Release|x64.Build.0 = Release|x64
		{7620F3E4-EA44-4091-B29F-E9C45EDDB93E}.Release|x86.ActiveCfg = Release|Win32
		{7620F3E4-EA44-4091-B29F-E9C45EDDB93E}.Release|x86.Build.0 = Release|Win32
		{3345B507-BE36-411D-84A6-4CC8C83F57C7}.Debug|x64.ActiveCfg = Debug|x64
		{3345B507-BE36-411D-84A6-4CC8C83F57C7}.Debug|x64.Build.0 = Debug|x64
		{3345B507-BE36-411D-84A6-4CC8C83F57C7}.Debug|x86.ActiveCfg = Debug|Win32
		{3345B507-BE36-411D-84A6-4CC8C83F57C7}.Debug|x86.Build.0 = Debug|Win32
		{3345B507-BE36-411D-84A6-4CC8C83F57C7}.Release|x64.ActiveCfg = Release|x64
		{3345B507-BE36-411D-84A6-4CC8C83F57C7}.Release|x64.Build.0 = Release|x64
		{3345B507-BE36-411D-84A6-4CC8C83F57C7}.Release|x86.ActiveCfg = Release|Win32
		{3345B507-BE36-411D-84A6-4CC8C83F57C7}.Release|x86.Build.0 = Release|Win32
		{E1873C47-10CF-478F-8B01-78A59DDF5AD7}.Debug|x64.ActiveCfg = Debug|x64
		{E1873C47-10CF-478F-8B01-78A59DDF5AD7}.Debug|x64.Build.0 = Debug|x64
		{E1873C47-10CF-478F-8B01-78A59DDF5AD7}.Debug|x86.ActiveCfg = Debug|Win32
		{E1873C47-10CF-478F-8B01-78A59DDF5AD7}.Debug|x86.Build.0 = Debug|Win32
		{E1873C47-10CF-478F-8B01-78A59DDF5AD7}.Release|x64.ActiveCfg = Release|x64
		{E1873C47-10CF-478F-8B01-78A59DDF5AD7}.Release|x64.Build.0 = Release|x64
		{E1873C47-10CF-478F-8B01-78A59DDF5AD7}.Release|x86.ActiveCfg = Release|Win32
		{E1873C47-10CF-478F-8B01-78A59DDF5AD7}.Release|x86.Build.0 = Release|Win32
	EndGlobalSection
	GlobalSection(SolutionProperties) = preSolution
		HideSolutionNode = FALSE
	EndGlobalSection
	GlobalSection(ExtensibilityGlobals) = postSolution
		SolutionGuid = {AFBE0FEC-717F-4989-893B-3F9CE75500E2}
	EndGlobalSection
EndGlobal
